
Microsoft Visual Studio Solution File, Format Version 12.00
# Visual Studio Version 16
VisualStudioVersion = 16.0.30907.101
MinimumVisualStudioVersion = 10.0.40219.1
Project("{FAE04EC0-301F-11D3-BF4B-00C04F79EFBC}") = "GameStore", "GameStore.csproj", "{0DCCBECC-9ABF-4D32-952B-5E07C84EC2C3}"
EndProject
Global
	GlobalSection(SolutionConfigurationPlatforms) = preSolution
		Debug|Any CPU = Debug|Any CPU
		Release|Any CPU = Release|Any CPU
	EndGlobalSection
	GlobalSection(ProjectConfigurationPlatforms) = postSolution
		{0DCCBECC-9ABF-4D32-952B-5E07C84EC2C3}.Debug|Any CPU.ActiveCfg = Debug|Any CPU
		{0DCCBECC-9ABF-4D32-952B-5E07C84EC2C3}.Debug|Any CPU.Build.0 = Debug|Any CPU
		{0DCCBECC-9ABF-4D32-952B-5E07C84EC2C3}.Release|Any CPU.ActiveCfg = Release|Any CPU
		{0DCCBECC-9ABF-4D32-952B-5E07C84EC2C3}.Release|Any CPU.Build.0 = Release|Any CPU
	EndGlobalSection
	GlobalSection(SolutionProperties) = preSolution
		HideSolutionNode = FALSE
	EndGlobalSection
	GlobalSection(ExtensibilityGlobals) = postSolution
		SolutionGuid = {B80CAF9F-92B0-4367-AF56-AC6A733F35C6}
	EndGlobalSection
EndGlobal
